github.com/Shopify/go-lua v0.0.0-20191113154418-05ce435a9edd h1:etO8lBj+8Fxlw61n4hxWfnqsx95h/jD9W8ltrHkQLls=
github.com/Shopify/go-lua v0.0.0-20191113154418-05ce435a9edd/go.mod h1:lvS2IGWEGk+KQkRrCXuWlcsHO5BitT0HyhnP51rh3gA=
github.com/matrix-org/gomatrix v0.0.0-20200516134902-015e6dc5a1f1 h1:4n7AuD68UqDpH8L17iOsE6gElP+660fxDzgs3Sn1duE=
github.com/matrix-org/gomatrix v0.0.0-20200516134902-015e6dc5a1f1/go.mod h1:/gBX06Kw0exX1HrwmoBibFA98yBk/jxKpGVeyQbff+s=
